
Microsoft Visual Studio Solution File, Format Version 12.00
# Visual Studio Version 17
VisualStudioVersion = 17.13.35825.156
MinimumVisualStudioVersion = 10.0.40219.1
Project("{FAE04EC0-301F-11D3-BF4B-00C04F79EFBC}") = "ObjectEnvironmentPlacer", "ObjectEnvironmentPlacer\ObjectEnvironmentPlacer.csproj", "{7AB1EBA7-F522-476E-95D3-EDEB03FD0F08}"
EndProject
Project("{2150E333-8FDC-42A3-9474-1A3956D46DE8}") = "Solution Items", "Solution Items", "{8EC462FD-D22E-90A8-E5CE-7E832BA40C5D}"
	ProjectSection(SolutionItems) = preProject
		.gitignore = .gitignore
	EndProjectSection
EndProject
Project("{FAE04EC0-301F-11D3-BF4B-00C04F79EFBC}") = "Testing", "Tesing\Testing.csproj", "{778A7369-1C45-418C-AF2E-87C54ABA9C12}"
EndProject
Project("{2150E333-8FDC-42A3-9474-1A3956D46DE8}") = ".github", ".github", "{02EA681E-C7D8-13C7-8484-4AC65E1B71E8}"
EndProject
Project("{2150E333-8FDC-42A3-9474-1A3956D46DE8}") = "Workflows", "Workflows", "{FD28E54E-6217-4102-87F2-E7F7462FCC18}"
	ProjectSection(SolutionItems) = preProject
		deploy.yml = deploy.yml
	EndProjectSection
EndProject
Global
	GlobalSection(SolutionConfigurationPlatforms) = preSolution
		Debug|Any CPU = Debug|Any CPU
		Release|Any CPU = Release|Any CPU
	EndGlobalSection
	GlobalSection(ProjectConfigurationPlatforms) = postSolution
		{7AB1EBA7-F522-476E-95D3-EDEB03FD0F08}.Debug|Any CPU.ActiveCfg = Debug|Any CPU
		{7AB1EBA7-F522-476E-95D3-EDEB03FD0F08}.Debug|Any CPU.Build.0 = Debug|Any CPU
		{7AB1EBA7-F522-476E-95D3-EDEB03FD0F08}.Release|Any CPU.ActiveCfg = Release|Any CPU
		{7AB1EBA7-F522-476E-95D3-EDEB03FD0F08}.Release|Any CPU.Build.0 = Release|Any CPU
		{778A7369-1C45-418C-AF2E-87C54ABA9C12}.Debug|Any CPU.ActiveCfg = Debug|Any CPU
		{778A7369-1C45-418C-AF2E-87C54ABA9C12}.Debug|Any CPU.Build.0 = Debug|Any CPU
		{778A7369-1C45-418C-AF2E-87C54ABA9C12}.Release|Any CPU.ActiveCfg = Release|Any CPU
		{778A7369-1C45-418C-AF2E-87C54ABA9C12}.Release|Any CPU.Build.0 = Release|Any CPU
	EndGlobalSection
	GlobalSection(SolutionProperties) = preSolution
		HideSolutionNode = FALSE
	EndGlobalSection
	GlobalSection(NestedProjects) = preSolution
		{FD28E54E-6217-4102-87F2-E7F7462FCC18} = {02EA681E-C7D8-13C7-8484-4AC65E1B71E8}
	EndGlobalSection
	GlobalSection(ExtensibilityGlobals) = postSolution
		SolutionGuid = {D90E7F28-78EF-44C2-A966-68B572451836}
	EndGlobalSection
EndGlobal
